
Microsoft Visual Studio Solution File, Format Version 12.00
# Visual Studio Version 17
VisualStudioVersion = 17.12.35707.178
MinimumVisualStudioVersion = 10.0.40219.1
Project("{FAE04EC0-301F-11D3-BF4B-00C04F79EFBC}") = "PaymentService", "PaymentService\PaymentService.csproj", "{66CDE23A-4193-4DFE-9C4F-94FDFE483210}"
EndProject
Project("{FAE04EC0-301F-11D3-BF4B-00C04F79EFBC}") = "ApiGateway", "ApiGateway\ApiGateway.csproj", "{F07760DE-8082-4D39-84DC-A119066A503B}"
EndProject
Project("{FAE04EC0-301F-11D3-BF4B-00C04F79EFBC}") = "ProductionAdapterService", "ProductionAdapterService\ProductionAdapterService.csproj", "{97A69004-2315-438B-AAFE-43664B89C08B}"
EndProject
Project("{FAE04EC0-301F-11D3-BF4B-00C04F79EFBC}") = "OrderService", "OrderService\OrderService\OrderService.csproj", "{658026CB-C05F-4B0D-8810-905402E3EC3B}"
EndProject
Project("{FAE04EC0-301F-11D3-BF4B-00C04F79EFBC}") = "Shared", "Shared\Shared.csproj", "{1A3BD41C-0054-46A0-A057-A6B1A5C56E05}"
EndProject
Project("{FAE04EC0-301F-11D3-BF4B-00C04F79EFBC}") = "EmailService", "EmailService\EmailService.csproj", "{999B553E-1006-48C4-AF3E-E8C8F1C26C42}"
EndProject
Project("{FAE04EC0-301F-11D3-BF4B-00C04F79EFBC}") = "InvoiceService", "InvoiceService\InvoiceService.csproj", "{6691738D-81F8-41C3-B837-D1D19F69922F}"
EndProject
Global
	GlobalSection(SolutionConfigurationPlatforms) = preSolution
		Debug|Any CPU = Debug|Any CPU
		Release|Any CPU = Release|Any CPU
	EndGlobalSection
	GlobalSection(ProjectConfigurationPlatforms) = postSolution
		{66CDE23A-4193-4DFE-9C4F-94FDFE483210}.Debug|Any CPU.ActiveCfg = Debug|Any CPU
		{66CDE23A-4193-4DFE-9C4F-94FDFE483210}.Debug|Any CPU.Build.0 = Debug|Any CPU
		{66CDE23A-4193-4DFE-9C4F-94FDFE483210}.Release|Any CPU.ActiveCfg = Release|Any CPU
		{66CDE23A-4193-4DFE-9C4F-94FDFE483210}.Release|Any CPU.Build.0 = Release|Any CPU
		{F07760DE-8082-4D39-84DC-A119066A503B}.Debug|Any CPU.ActiveCfg = Debug|Any CPU
		{F07760DE-8082-4D39-84DC-A119066A503B}.Debug|Any CPU.Build.0 = Debug|Any CPU
		{F07760DE-8082-4D39-84DC-A119066A503B}.Release|Any CPU.ActiveCfg = Release|Any CPU
		{F07760DE-8082-4D39-84DC-A119066A503B}.Release|Any CPU.Build.0 = Release|Any CPU
		{97A69004-2315-438B-AAFE-43664B89C08B}.Debug|Any CPU.ActiveCfg = Debug|Any CPU
		{97A69004-2315-438B-AAFE-43664B89C08B}.Debug|Any CPU.Build.0 = Debug|Any CPU
		{97A69004-2315-438B-AAFE-43664B89C08B}.Release|Any CPU.ActiveCfg = Release|Any CPU
		{97A69004-2315-438B-AAFE-43664B89C08B}.Release|Any CPU.Build.0 = Release|Any CPU
		{658026CB-C05F-4B0D-8810-905402E3EC3B}.Debug|Any CPU.ActiveCfg = Debug|Any CPU
		{658026CB-C05F-4B0D-8810-905402E3EC3B}.Debug|Any CPU.Build.0 = Debug|Any CPU
		{658026CB-C05F-4B0D-8810-905402E3EC3B}.Release|Any CPU.ActiveCfg = Release|Any CPU
		{658026CB-C05F-4B0D-8810-905402E3EC3B}.Release|Any CPU.Build.0 = Release|Any CPU
		{1A3BD41C-0054-46A0-A057-A6B1A5C56E05}.Debug|Any CPU.ActiveCfg = Debug|Any CPU
		{1A3BD41C-0054-46A0-A057-A6B1A5C56E05}.Debug|Any CPU.Build.0 = Debug|Any CPU
		{1A3BD41C-0054-46A0-A057-A6B1A5C56E05}.Release|Any CPU.ActiveCfg = Release|Any CPU
		{1A3BD41C-0054-46A0-A057-A6B1A5C56E05}.Release|Any CPU.Build.0 = Release|Any CPU
		{999B553E-1006-48C4-AF3E-E8C8F1C26C42}.Debug|Any CPU.ActiveCfg = Debug|Any CPU
		{999B553E-1006-48C4-AF3E-E8C8F1C26C42}.Debug|Any CPU.Build.0 = Debug|Any CPU
		{999B553E-1006-48C4-AF3E-E8C8F1C26C42}.Release|Any CPU.ActiveCfg = Release|Any CPU
		{999B553E-1006-48C4-AF3E-E8C8F1C26C42}.Release|Any CPU.Build.0 = Release|Any CPU
		{6691738D-81F8-41C3-B837-D1D19F69922F}.Debug|Any CPU.ActiveCfg = Debug|Any CPU
		{6691738D-81F8-41C3-B837-D1D19F69922F}.Debug|Any CPU.Build.0 = Debug|Any CPU
		{6691738D-81F8-41C3-B837-D1D19F69922F}.Release|Any CPU.ActiveCfg = Release|Any CPU
		{6691738D-81F8-41C3-B837-D1D19F69922F}.Release|Any CPU.Build.0 = Release|Any CPU
	EndGlobalSection
	GlobalSection(SolutionProperties) = preSolution
		HideSolutionNode = FALSE
	EndGlobalSection
EndGlobal
